// !$*UTF8*$!
{
	archiveVersion = 1;
	classes = {
	};
	objectVersion = 56;
	objects = {

/* Begin PBXBuildFile section */
		FAE762A42D6D306100B5C1EA /* FetchAppApp.swift in Sources */ = {isa = PBXBuildFile; fileRef = FAE762A32D6D306100B5C1EA /* FetchAppApp.swift */; };
		FAE762A62D6D306100B5C1EA /* ContentView.swift in Sources */ = {isa = PBXBuildFile; fileRef = FAE762A52D6D306100B5C1EA /* ContentView.swift */; };
		FAE762A82D6D306300B5C1EA /* Assets.xcassets in Resources */ = {isa = PBXBuildFile; fileRef = FAE762A72D6D306300B5C1EA /* Assets.xcassets */; };
		FAE762AC2D6D306300B5C1EA /* Preview Assets.xcassets in Resources */ = {isa = PBXBuildFile; fileRef = FAE762AB2D6D306300B5C1EA /* Preview Assets.xcassets */; };
		FAE762B62D6D306300B5C1EA /* FetchAppTests.swift in Sources */ = {isa = PBXBuildFile; fileRef = FAE762B52D6D306300B5C1EA /* FetchAppTests.swift */; };
		FAE762C02D6D306300B5C1EA /* FetchAppUITests.swift in Sources */ = {isa = PBXBuildFile; fileRef = FAE762BF2D6D306300B5C1EA /* FetchAppUITests.swift */; };
		FAE762C22D6D306300B5C1EA /* FetchAppUITestsLaunchTests.swift in Sources */ = {isa = PBXBuildFile; fileRef = FAE762C12D6D306300B5C1EA /* FetchAppUITestsLaunchTests.swift */; };
/* End PBXBuildFile section */

/* Begin PBXContainerItemProxy section */
		FAE762B22D6D306300B5C1EA /* PBXContainerItemProxy */ = {
			isa = PBXContainerItemProxy;
			containerPortal = FAE762982D6D306100B5C1EA /* Project object */;
			proxyType = 1;
			remoteGlobalIDString = FAE7629F2D6D306100B5C1EA;
			remoteInfo = FetchApp;
		};
		FAE762BC2D6D306300B5C1EA /* PBXContainerItemProxy */ = {
			isa = PBXContainerItemProxy;
			containerPortal = FAE762982D6D306100B5C1EA /* Project object */;
			proxyType = 1;
			remoteGlobalIDString = FAE7629F2D6D306100B5C1EA;
			remoteInfo = FetchApp;
		};
/* End PBXContainerItemProxy section */

/* Begin PBXFileReference section */
		FAE762A02D6D306100B5C1EA /* FetchApp.app */ = {isa = PBXFileReference; explicitFileType = wrapper.application; includeInIndex = 0; path = FetchApp.app; sourceTree = BUILT_PRODUCTS_DIR; };
		FAE762A32D6D306100B5C1EA /* FetchAppApp.swift */ = {isa = PBXFileReference; lastKnownFileType = sourcecode.swift; path = FetchAppApp.swift; sourceTree = "<group>"; };
		FAE762A52D6D306100B5C1EA /* ContentView.swift */ = {isa = PBXFileReference; lastKnownFileType = sourcecode.swift; path = ContentView.swift; sourceTree = "<group>"; };
		FAE762A72D6D306300B5C1EA /* Assets.xcassets */ = {isa = PBXFileReference; lastKnownFileType = folder.assetcatalog; path = Assets.xcassets; sourceTree = "<group>"; };
		FAE762A92D6D306300B5C1EA /* FetchApp.entitlements */ = {isa = PBXFileReference; lastKnownFileType = text.plist.entitlements; path = FetchApp.entitlements; sourceTree = "<group>"; };
		FAE762AB2D6D306300B5C1EA /* Preview Assets.xcassets */ = {isa = PBXFileReference; lastKnownFileType = folder.assetcatalog; path = "Preview Assets.xcassets"; sourceTree = "<group>"; };
		FAE762B12D6D306300B5C1EA /* FetchAppTests.xctest */ = {isa = PBXFileReference; explicitFileType = wrapper.cfbundle; includeInIndex = 0; path = FetchAppTests.xctest; sourceTree = BUILT_PRODUCTS_DIR; };
		FAE762B52D6D306300B5C1EA /* FetchAppTests.swift */ = {isa = PBXFileReference; lastKnownFileType = sourcecode.swift; path = FetchAppTests.swift; sourceTree = "<group>"; };
		FAE762BB2D6D306300B5C1EA /* FetchAppUITests.xctest */ = {isa = PBXFileReference; explicitFileType = wrapper.cfbundle; includeInIndex = 0; path = FetchAppUITests.xctest; sourceTree = BUILT_PRODUCTS_DIR; };
		FAE762BF2D6D306300B5C1EA /* FetchAppUITests.swift */ = {isa = PBXFileReference; lastKnownFileType = sourcecode.swift; path = FetchAppUITests.swift; sourceTree = "<group>"; };
		FAE762C12D6D306300B5C1EA /* FetchAppUITestsLaunchTests.swift */ = {isa = PBXFileReference; lastKnownFileType = sourcecode.swift; path = FetchAppUITestsLaunchTests.swift; sourceTree = "<group>"; };
/* End PBXFileReference section */

/* Begin PBXFrameworksBuildPhase section */
		FAE7629D2D6D306100B5C1EA /* Frameworks */ = {
			isa = PBXFrameworksBuildPhase;
			buildActionMask = 2147483647;
			files = (
			);
			runOnlyForDeploymentPostprocessing = 0;
		};
		FAE762AE2D6D306300B5C1EA /* Frameworks */ = {
			isa = PBXFrameworksBuildPhase;
			buildActionMask = 2147483647;
			files = (
			);
			runOnlyForDeploymentPostprocessing = 0;
		};
		FAE762B82D6D306300B5C1EA /* Frameworks */ = {
			isa = PBXFrameworksBuildPhase;
			buildActionMask = 2147483647;
			files = (
			);
			runOnlyForDeploymentPostprocessing = 0;
		};
/* End PBXFrameworksBuildPhase section */

/* Begin PBXGroup section */
		FAE762972D6D306100B5C1EA = {
			isa = PBXGroup;
			children = (
				FAE762A22D6D306100B5C1EA /* FetchApp */,
				FAE762B42D6D306300B5C1EA /* FetchAppTests */,
				FAE762BE2D6D306300B5C1EA /* FetchAppUITests */,
				FAE762A12D6D306100B5C1EA /* Products */,
			);
			sourceTree = "<group>";
		};
		FAE762A12D6D306100B5C1EA /* Products */ = {
			isa = PBXGroup;
			children = (
				FAE762A02D6D306100B5C1EA /* FetchApp.app */,
				FAE762B12D6D306300B5C1EA /* FetchAppTests.xctest */,
				FAE762BB2D6D306300B5C1EA /* FetchAppUITests.xctest */,
			);
			name = Products;
			sourceTree = "<group>";
		};
		FAE762A22D6D306100B5C1EA /* FetchApp */ = {
			isa = PBXGroup;
			children = (
				FAE762A32D6D306100B5C1EA /* FetchAppApp.swift */,
				FAE762A52D6D306100B5C1EA /* ContentView.swift */,
				FAE762A72D6D306300B5C1EA /* Assets.xcassets */,
				FAE762A92D6D306300B5C1EA /* FetchApp.entitlements */,
				FAE762AA2D6D306300B5C1EA /* Preview Content */,
			);
			path = FetchApp;
			sourceTree = "<group>";
		};
		FAE762AA2D6D306300B5C1EA /* Preview Content */ = {
			isa = PBXGroup;
			children = (
				FAE762AB2D6D306300B5C1EA /* Preview Assets.xcassets */,
			);
			path = "Preview Content";
			sourceTree = "<group>";
		};
		FAE762B42D6D306300B5C1EA /* FetchAppTests */ = {
			isa = PBXGroup;
			children = (
				FAE762B52D6D306300B5C1EA /* FetchAppTests.swift */,
			);
			path = FetchAppTests;
			sourceTree = "<group>";
		};
		FAE762BE2D6D306300B5C1EA /* FetchAppUITests */ = {
			isa = PBXGroup;
			children = (
				FAE762BF2D6D306300B5C1EA /* FetchAppUITests.swift */,
				FAE762C12D6D306300B5C1EA /* FetchAppUITestsLaunchTests.swift */,
			);
			path = FetchAppUITests;
			sourceTree = "<group>";
		};
/* End PBXGroup section */

/* Begin PBXNativeTarget section */
		FAE7629F2D6D306100B5C1EA /* FetchApp */ = {
			isa = PBXNativeTarget;
			buildConfigurationList = FAE762C52D6D306300B5C1EA /* Build configuration list for PBXNativeTarget "FetchApp" */;
			buildPhases = (
				FAE7629C2D6D306100B5C1EA /* Sources */,
				FAE7629D2D6D306100B5C1EA /* Frameworks */,
				FAE7629E2D6D306100B5C1EA /* Resources */,
			);
			buildRules = (
			);
			dependencies = (
			);
			name = FetchApp;
			productName = FetchApp;
			productReference = FAE762A02D6D306100B5C1EA /* FetchApp.app */;
			productType = "com.apple.product-type.application";
		};
		FAE762B02D6D306300B5C1EA /* FetchAppTests */ = {
			isa = PBXNativeTarget;
			buildConfigurationList = FAE762C82D6D306300B5C1EA /* Build configuration list for PBXNativeTarget "FetchAppTests" */;
			buildPhases = (
				FAE762AD2D6D306300B5C1EA /* Sources */,
				FAE762AE2D6D306300B5C1EA /* Frameworks */,
				FAE762AF2D6D306300B5C1EA /* Resources */,
			);
			buildRules = (
			);
			dependencies = (
				FAE762B32D6D306300B5C1EA /* PBXTargetDependency */,
			);
			name = FetchAppTests;
			productName = FetchAppTests;
			productReference = FAE762B12D6D306300B5C1EA /* FetchAppTests.xctest */;
			productType = "com.apple.product-type.bundle.unit-test";
		};
		FAE762BA2D6D306300B5C1EA /* FetchAppUITests */ = {
			isa = PBXNativeTarget;
			buildConfigurationList = FAE762CB2D6D306300B5C1EA /* Build configuration list for PBXNativeTarget "FetchAppUITests" */;
			buildPhases = (
				FAE762B72D6D306300B5C1EA /* Sources */,
				FAE762B82D6D306300B5C1EA /* Frameworks */,
				FAE762B92D6D306300B5C1EA /* Resources */,
			);
			buildRules = (
			);
			dependencies = (
				FAE762BD2D6D306300B5C1EA /* PBXTargetDependency */,
			);
			name = FetchAppUITests;
			productName = FetchAppUITests;
			productReference = FAE762BB2D6D306300B5C1EA /* FetchAppUITests.xctest */;
			productType = "com.apple.product-type.bundle.ui-testing";
		};
/* End PBXNativeTarget section */

/* Begin PBXProject section */
		FAE762982D6D306100B5C1EA /* Project object */ = {
			isa = PBXProject;
			attributes = {
				BuildIndependentTargetsInParallel = 1;
				LastSwiftUpdateCheck = 1540;
				LastUpgradeCheck = 1540;
				TargetAttributes = {
					FAE7629F2D6D306100B5C1EA = {
						CreatedOnToolsVersion = 15.4;
					};
					FAE762B02D6D306300B5C1EA = {
						CreatedOnToolsVersion = 15.4;
						TestTargetID = FAE7629F2D6D306100B5C1EA;
					};
					FAE762BA2D6D306300B5C1EA = {
						CreatedOnToolsVersion = 15.4;
						TestTargetID = FAE7629F2D6D306100B5C1EA;
					};
				};
			};
			buildConfigurationList = FAE7629B2D6D306100B5C1EA /* Build configuration list for PBXProject "FetchApp" */;
			compatibilityVersion = "Xcode 14.0";
			developmentRegion = en;
			hasScannedForEncodings = 0;
			knownRegions = (
				en,
				Base,
			);
			mainGroup = FAE762972D6D306100B5C1EA;
			productRefGroup = FAE762A12D6D306100B5C1EA /* Products */;
			projectDirPath = "";
			projectRoot = "";
			targets = (
				FAE7629F2D6D306100B5C1EA /* FetchApp */,
				FAE762B02D6D306300B5C1EA /* FetchAppTests */,
				FAE762BA2D6D306300B5C1EA /* FetchAppUITests */,
			);
		};
/* End PBXProject section */

/* Begin PBXResourcesBuildPhase section */
		FAE7629E2D6D306100B5C1EA /* Resources */ = {
			isa = PBXResourcesBuildPhase;
			buildActionMask = 2147483647;
			files = (
				FAE762AC2D6D306300B5C1EA /* Preview Assets.xcassets in Resources */,
				FAE762A82D6D306300B5C1EA /* Assets.xcassets in Resources */,
			);
			runOnlyForDeploymentPostprocessing = 0;
		};
		FAE762AF2D6D306300B5C1EA /* Resources */ = {
			isa = PBXResourcesBuildPhase;
			buildActionMask = 2147483647;
			files = (
			);
			runOnlyForDeploymentPostprocessing = 0;
		};
		FAE762B92D6D306300B5C1EA /* Resources */ = {
			isa = PBXResourcesBuildPhase;
			buildActionMask = 2147483647;
			files = (
			);
			runOnlyForDeploymentPostprocessing = 0;
		};
/* End PBXResourcesBuildPhase section */

/* Begin PBXSourcesBuildPhase section */
		FAE7629C2D6D306100B5C1EA /* Sources */ = {
			isa = PBXSourcesBuildPhase;
			buildActionMask = 2147483647;
			files = (
				FAE762A62D6D306100B5C1EA /* ContentView.swift in Sources */,
				FAE762A42D6D306100B5C1EA /* FetchAppApp.swift in Sources */,
			);
			runOnlyForDeploymentPostprocessing = 0;
		};
		FAE762AD2D6D306300B5C1EA /* Sources */ = {
			isa = PBXSourcesBuildPhase;
			buildActionMask = 2147483647;
			files = (
				FAE762B62D6D306300B5C1EA /* FetchAppTests.swift in Sources */,
			);
			runOnlyForDeploymentPostprocessing = 0;
		};
		FAE762B72D6D306300B5C1EA /* Sources */ = {
			isa = PBXSourcesBuildPhase;
			buildActionMask = 2147483647;
			files = (
				FAE762C22D6D306300B5C1EA /* FetchAppUITestsLaunchTests.swift in Sources */,
				FAE762C02D6D306300B5C1EA /* FetchAppUITests.swift in Sources */,
			);
			runOnlyForDeploymentPostprocessing = 0;
		};
/* End PBXSourcesBuildPhase section */

/* Begin PBXTargetDependency section */
		FAE762B32D6D306300B5C1EA /* PBXTargetDependency */ = {
			isa = PBXTargetDependency;
			target = FAE7629F2D6D306100B5C1EA /* FetchApp */;
			targetProxy = FAE762B22D6D306300B5C1EA /* PBXContainerItemProxy */;
		};
		FAE762BD2D6D306300B5C1EA /* PBXTargetDependency */ = {
			isa = PBXTargetDependency;
			target = FAE7629F2D6D306100B5C1EA /* FetchApp */;
			targetProxy = FAE762BC2D6D306300B5C1EA /* PBXContainerItemProxy */;
		};
/* End PBXTargetDependency section */

/* Begin XCBuildConfiguration section */
		FAE762C32D6D306300B5C1EA /* Debug */ = {
			isa = XCBuildConfiguration;
			buildSettings = {
				ALWAYS_SEARCH_USER_PATHS = NO;
				ASSETCATALOG_COMPILER_GENERATE_SWIFT_ASSET_SYMBOL_EXTENSIONS = YES;
				CLANG_ANALYZER_NONNULL = YES;
				CLANG_ANALYZER_NUMBER_OBJECT_CONVERSION = YES_AGGRESSIVE;
				CLANG_CXX_LANGUAGE_STANDARD = "gnu++20";
				CLANG_ENABLE_MODULES = YES;
				CLANG_ENABLE_OBJC_ARC = YES;
				CLANG_ENABLE_OBJC_WEAK = YES;
				CLANG_WARN_BLOCK_CAPTURE_AUTORELEASING = YES;
				CLANG_WARN_BOOL_CONVERSION = YES;
				CLANG_WARN_COMMA = YES;
				CLANG_WARN_CONSTANT_CONVERSION = YES;
				CLANG_WARN_DEPRECATED_OBJC_IMPLEMENTATIONS = YES;
				CLANG_WARN_DIRECT_OBJC_ISA_USAGE = YES_ERROR;
				CLANG_WARN_DOCUMENTATION_COMMENTS = YES;
				CLANG_WARN_EMPTY_BODY = YES;
				CLANG_WARN_ENUM_CONVERSION = YES;
				CLANG_WARN_INFINITE_RECURSION = YES;
				CLANG_WARN_INT_CONVERSION = YES;
				CLANG_WARN_NON_LITERAL_NULL_CONVERSION = YES;
				CLANG_WARN_OBJC_IMPLICIT_RETAIN_SELF = YES;
				CLANG_WARN_OBJC_LITERAL_CONVERSION = YES;
				CLANG_WARN_OBJC_ROOT_CLASS = YES_ERROR;
				CLANG_WARN_QUOTED_INCLUDE_IN_FRAMEWORK_HEADER = YES;
				CLANG_WARN_RANGE_LOOP_ANALYSIS = YES;
				CLANG_WARN_STRICT_PROTOTYPES = YES;
				CLANG_WARN_SUSPICIOUS_MOVE = YES;
				CLANG_WARN_UNGUARDED_AVAILABILITY = YES_AGGRESSIVE;
				CLANG_WARN_UNREACHABLE_CODE = YES;
				CLANG_WARN__DUPLICATE_METHOD_MATCH = YES;
				COPY_PHASE_STRIP = NO;
				DEBUG_INFORMATION_FORMAT = dwarf;
				ENABLE_STRICT_OBJC_MSGSEND = YES;
				ENABLE_TESTABILITY = YES;
				ENABLE_USER_SCRIPT_SANDBOXING = YES;
				GCC_C_LANGUAGE_STANDARD = gnu17;
				GCC_DYNAMIC_NO_PIC = NO;
				GCC_NO_COMMON_BLOCKS = YES;
				GCC_OPTIMIZATION_LEVEL = 0;
				GCC_PREPROCESSOR_DEFINITIONS = (
					"DEBUG=1",
					"$(inherited)",
				);
				GCC_WARN_64_TO_32_BIT_CONVERSION = YES;
				GCC_WARN_ABOUT_RETURN_TYPE = YES_ERROR;
				GCC_WARN_UNDECLARED_SELECTOR = YES;
				GCC_WARN_UNINITIALIZED_AUTOS = YES_AGGRESSIVE;
				GCC_WARN_UNUSED_FUNCTION = YES;
				GCC_WARN_UNUSED_VARIABLE = YES;
				LOCALIZATION_PREFERS_STRING_CATALOGS = YES;
				MTL_ENABLE_DEBUG_INFO = INCLUDE_SOURCE;
				MTL_FAST_MATH = YES;
				ONLY_ACTIVE_ARCH = YES;
				SWIFT_ACTIVE_COMPILATION_CONDITIONS = "DEBUG $(inherited)";
				SWIFT_OPTIMIZATION_LEVEL = "-Onone";
			};
			name = Debug;
		};
		FAE762C42D6D306300B5C1EA /* Release */ = {
			isa = XCBuildConfiguration;
			buildSettings = {
				ALWAYS_SEARCH_USER_PATHS = NO;
				ASSETCATALOG_COMPILER_GENERATE_SWIFT_ASSET_SYMBOL_EXTENSIONS = YES;
				CLANG_ANALYZER_NONNULL = YES;
				CLANG_ANALYZER_NUMBER_OBJECT_CONVERSION = YES_AGGRESSIVE;
				CLANG_CXX_LANGUAGE_STANDARD = "gnu++20";
				CLANG_ENABLE_MODULES = YES;
				CLANG_ENABLE_OBJC_ARC = YES;
				CLANG_ENABLE_OBJC_WEAK = YES;
				CLANG_WARN_BLOCK_CAPTURE_AUTORELEASING = YES;
				CLANG_WARN_BOOL_CONVERSION = YES;
				CLANG_WARN_COMMA = YES;
				CLANG_WARN_CONSTANT_CONVERSION = YES;
				CLANG_WARN_DEPRECATED_OBJC_IMPLEMENTATIONS = YES;
				CLANG_WARN_DIRECT_OBJC_ISA_USAGE = YES_ERROR;
				CLANG_WARN_DOCUMENTATION_COMMENTS = YES;
				CLANG_WARN_EMPTY_BODY = YES;
				CLANG_WARN_ENUM_CONVERSION = YES;
				CLANG_WARN_INFINITE_RECURSION = YES;
				CLANG_WARN_INT_CONVERSION = YES;
				CLANG_WARN_NON_LITERAL_NULL_CONVERSION = YES;
				CLANG_WARN_OBJC_IMPLICIT_RETAIN_SELF = YES;
				CLANG_WARN_OBJC_LITERAL_CONVERSION = YES;
				CLANG_WARN_OBJC_ROOT_CLASS = YES_ERROR;
				CLANG_WARN_QUOTED_INCLUDE_IN_FRAMEWORK_HEADER = YES;
				CLANG_WARN_RANGE_LOOP_ANALYSIS = YES;
				CLANG_WARN_STRICT_PROTOTYPES = YES;
				CLANG_WARN_SUSPICIOUS_MOVE = YES;
				CLANG_WARN_UNGUARDED_AVAILABILITY = YES_AGGRESSIVE;
				CLANG_WARN_UNREACHABLE_CODE = YES;
				CLANG_WARN__DUPLICATE_METHOD_MATCH = YES;
				COPY_PHASE_STRIP = NO;
				DEBUG_INFORMATION_FORMAT = "dwarf-with-dsym";
				ENABLE_NS_ASSERTIONS = NO;
				ENABLE_STRICT_OBJC_MSGSEND = YES;
				ENABLE_USER_SCRIPT_SANDBOXING = YES;
				GCC_C_LANGUAGE_STANDARD = gnu17;
				GCC_NO_COMMON_BLOCKS = YES;
				GCC_WARN_64_TO_32_BIT_CONVERSION = YES;
				GCC_WARN_ABOUT_RETURN_TYPE = YES_ERROR;
				GCC_WARN_UNDECLARED_SELECTOR = YES;
				GCC_WARN_UNINITIALIZED_AUTOS = YES_AGGRESSIVE;
				GCC_WARN_UNUSED_FUNCTION = YES;
				GCC_WARN_UNUSED_VARIABLE = YES;
				LOCALIZATION_PREFERS_STRING_CATALOGS = YES;
				MTL_ENABLE_DEBUG_INFO = NO;
				MTL_FAST_MATH = YES;
				SWIFT_COMPILATION_MODE = wholemodule;
			};
			name = Release;
		};
		FAE762C62D6D306300B5C1EA /* Debug */ = {
			isa = XCBuildConfiguration;
			buildSettings = {
				ASSETCATALOG_COMPILER_APPICON_NAME = AppIcon;
				ASSETCATALOG_COMPILER_GLOBAL_ACCENT_COLOR_NAME = AccentColor;
				CODE_SIGN_ENTITLEMENTS = FetchApp/FetchApp.entitlements;
				CODE_SIGN_STYLE = Automatic;
				CURRENT_PROJECT_VERSION = 1;
				DEVELOPMENT_ASSET_PATHS = "\"FetchApp/Preview Content\"";
				ENABLE_PREVIEWS = YES;
				GENERATE_INFOPLIST_FILE = YES;
				"INFOPLIST_KEY_UIApplicationSceneManifest_Generation[sdk=iphoneos*]" = YES;
				"INFOPLIST_KEY_UIApplicationSceneManifest_Generation[sdk=iphonesimulator*]" = YES;
				"INFOPLIST_KEY_UIApplicationSupportsIndirectInputEvents[sdk=iphoneos*]" = YES;
				"INFOPLIST_KEY_UIApplicationSupportsIndirectInputEvents[sdk=iphonesimulator*]" = YES;
				"INFOPLIST_KEY_UILaunchScreen_Generation[sdk=iphoneos*]" = YES;
				"INFOPLIST_KEY_UILaunchScreen_Generation[sdk=iphonesimulator*]" = YES;
				"INFOPLIST_KEY_UIStatusBarStyle[sdk=iphoneos*]" = UIStatusBarStyleDefault;
				"INFOPLIST_KEY_UIStatusBarStyle[sdk=iphonesimulator*]" = UIStatusBarStyleDefault;
				INFOPLIST_KEY_UISupportedInterfaceOrientations_iPad = "UIInterfaceOrientationPortrait UIInterfaceOrientationPortraitUpsideDown UIInterfaceOrientationLandscapeLeft UIInterfaceOrientationLandscapeRight";
				INFOPLIST_KEY_UISupportedInterfaceOrientations_iPhone = "UIInterfaceOrientationPortrait UIInterfaceOrientationLandscapeLeft UIInterfaceOrientationLandscapeRight";
				IPHONEOS_DEPLOYMENT_TARGET = 17.5;
				LD_RUNPATH_SEARCH_PATHS = "@executable_path/Frameworks";
				"LD_RUNPATH_SEARCH_PATHS[sdk=macosx*]" = "@executable_path/../Frameworks";
				MACOSX_DEPLOYMENT_TARGET = 14.5;
				MARKETING_VERSION = 1.0;
				PRODUCT_BUNDLE_IDENTIFIER = natasha.FetchApp;
				PRODUCT_NAME = "$(TARGET_NAME)";
				SDKROOT = auto;
				SUPPORTED_PLATFORMS = "iphoneos iphonesimulator macosx";
				SWIFT_EMIT_LOC_STRINGS = YES;
				SWIFT_VERSION = 5.0;
				TARGETED_DEVICE_FAMILY = "1,2";
			};
			name = Debug;
		};
		FAE762C72D6D306300B5C1EA /* Release */ = {
			isa = XCBuildConfiguration;
			buildSettings = {
				ASSETCATALOG_COMPILER_APPICON_NAME = AppIcon;
				ASSETCATALOG_COMPILER_GLOBAL_ACCENT_COLOR_NAME = AccentColor;
				CODE_SIGN_ENTITLEMENTS = FetchApp/FetchApp.entitlements;
				CODE_SIGN_STYLE = Automatic;
				CURRENT_PROJECT_VERSION = 1;
				DEVELOPMENT_ASSET_PATHS = "\"FetchApp/Preview Content\"";
				ENABLE_PREVIEWS = YES;
				GENERATE_INFOPLIST_FILE = YES;
				"INFOPLIST_KEY_UIApplicationSceneManifest_Generation[sdk=iphoneos*]" = YES;
				"INFOPLIST_KEY_UIApplicationSceneManifest_Generation[sdk=iphonesimulator*]" = YES;
				"INFOPLIST_KEY_UIApplicationSupportsIndirectInputEvents[sdk=iphoneos*]" = YES;
				"INFOPLIST_KEY_UIApplicationSupportsIndirectInputEvents[sdk=iphonesimulator*]" = YES;
				"INFOPLIST_KEY_UILaunchScreen_Generation[sdk=iphoneos*]" = YES;
				"INFOPLIST_KEY_UILaunchScreen_Generation[sdk=iphonesimulator*]" = YES;
				"INFOPLIST_KEY_UIStatusBarStyle[sdk=iphoneos*]" = UIStatusBarStyleDefault;
				"INFOPLIST_KEY_UIStatusBarStyle[sdk=iphonesimulator*]" = UIStatusBarStyleDefault;
				INFOPLIST_KEY_UISupportedInterfaceOrientations_iPad = "UIInterfaceOrientationPortrait UIInterfaceOrientationPortraitUpsideDown UIInterfaceOrientationLandscapeLeft UIInterfaceOrientationLandscapeRight";
				INFOPLIST_KEY_UISupportedInterfaceOrientations_iPhone = "UIInterfaceOrientationPortrait UIInterfaceOrientationLandscapeLeft UIInterfaceOrientationLandscapeRight";
				IPHONEOS_DEPLOYMENT_TARGET = 17.5;
				LD_RUNPATH_SEARCH_PATHS = "@executable_path/Frameworks";
				"LD_RUNPATH_SEARCH_PATHS[sdk=macosx*]" = "@executable_path/../Frameworks";
				MACOSX_DEPLOYMENT_TARGET = 14.5;
				MARKETING_VERSION = 1.0;
				PRODUCT_BUNDLE_IDENTIFIER = natasha.FetchApp;
				PRODUCT_NAME = "$(TARGET_NAME)";
				SDKROOT = auto;
				SUPPORTED_PLATFORMS = "iphoneos iphonesimulator macosx";
				SWIFT_EMIT_LOC_STRINGS = YES;
				SWIFT_VERSION = 5.0;
				TARGETED_DEVICE_FAMILY = "1,2";
			};
			name = Release;
		};
		FAE762C92D6D306300B5C1EA /* Debug */ = {
			isa = XCBuildConfiguration;
			buildSettings = {
				ALWAYS_EMBED_SWIFT_STANDARD_LIBRARIES = YES;
				BUNDLE_LOADER = "$(TEST_HOST)";
				CODE_SIGN_STYLE = Automatic;
				CURRENT_PROJECT_VERSION = 1;
				GENERATE_INFOPLIST_FILE = YES;
				IPHONEOS_DEPLOYMENT_TARGET = 17.5;
				MACOSX_DEPLOYMENT_TARGET = 14.5;
				MARKETING_VERSION = 1.0;
				PRODUCT_BUNDLE_IDENTIFIER = natasha.FetchAppTests;
				PRODUCT_NAME = "$(TARGET_NAME)";
				SDKROOT = auto;
				SUPPORTED_PLATFORMS = "iphoneos iphonesimulator macosx";
				SWIFT_EMIT_LOC_STRINGS = NO;
				SWIFT_VERSION = 5.0;
				TARGETED_DEVICE_FAMILY = "1,2";
				TEST_HOST = "$(BUILT_PRODUCTS_DIR)/FetchApp.app/$(BUNDLE_EXECUTABLE_FOLDER_PATH)/FetchApp";
			};
			name = Debug;
		};
		FAE762CA2D6D306300B5C1EA /* Release */ = {
			isa = XCBuildConfiguration;
			buildSettings = {
				ALWAYS_EMBED_SWIFT_STANDARD_LIBRARIES = YES;
				BUNDLE_LOADER = "$(TEST_HOST)";
				CODE_SIGN_STYLE = Automatic;
				CURRENT_PROJECT_VERSION = 1;
				GENERATE_INFOPLIST_FILE = YES;
				IPHONEOS_DEPLOYMENT_TARGET = 17.5;
				MACOSX_DEPLOYMENT_TARGET = 14.5;
				MARKETING_VERSION = 1.0;
				PRODUCT_BUNDLE_IDENTIFIER = natasha.FetchAppTests;
				PRODUCT_NAME = "$(TARGET_NAME)";
				SDKROOT = auto;
				SUPPORTED_PLATFORMS = "iphoneos iphonesimulator macosx";
				SWIFT_EMIT_LOC_STRINGS = NO;
				SWIFT_VERSION = 5.0;
				TARGETED_DEVICE_FAMILY = "1,2";
				TEST_HOST = "$(BUILT_PRODUCTS_DIR)/FetchApp.app/$(BUNDLE_EXECUTABLE_FOLDER_PATH)/FetchApp";
			};
			name = Release;
		};
		FAE762CC2D6D306300B5C1EA /* Debug */ = {
			isa = XCBuildConfiguration;
			buildSettings = {
				ALWAYS_EMBED_SWIFT_STANDARD_LIBRARIES = YES;
				CODE_SIGN_STYLE = Automatic;
				CURRENT_PROJECT_VERSION = 1;
				GENERATE_INFOPLIST_FILE = YES;
				IPHONEOS_DEPLOYMENT_TARGET = 17.5;
				MACOSX_DEPLOYMENT_TARGET = 14.5;
				MARKETING_VERSION = 1.0;
				PRODUCT_BUNDLE_IDENTIFIER = natasha.FetchAppUITests;
				PRODUCT_NAME = "$(TARGET_NAME)";
				SDKROOT = auto;
				SUPPORTED_PLATFORMS = "iphoneos iphonesimulator macosx";
				SWIFT_EMIT_LOC_STRINGS = NO;
				SWIFT_VERSION = 5.0;
				TARGETED_DEVICE_FAMILY = "1,2";
				TEST_TARGET_NAME = FetchApp;
			};
			name = Debug;
		};
		FAE762CD2D6D306300B5C1EA /* Release */ = {
			isa = XCBuildConfiguration;
			buildSettings = {
				ALWAYS_EMBED_SWIFT_STANDARD_LIBRARIES = YES;
				CODE_SIGN_STYLE = Automatic;
				CURRENT_PROJECT_VERSION = 1;
				GENERATE_INFOPLIST_FILE = YES;
				IPHONEOS_DEPLOYMENT_TARGET = 17.5;
				MACOSX_DEPLOYMENT_TARGET = 14.5;
				MARKETING_VERSION = 1.0;
				PRODUCT_BUNDLE_IDENTIFIER = natasha.FetchAppUITests;
				PRODUCT_NAME = "$(TARGET_NAME)";
				SDKROOT = auto;
				SUPPORTED_PLATFORMS = "iphoneos iphonesimulator macosx";
				SWIFT_EMIT_LOC_STRINGS = NO;
				SWIFT_VERSION = 5.0;
				TARGETED_DEVICE_FAMILY = "1,2";
				TEST_TARGET_NAME = FetchApp;
			};
			name = Release;
		};
/* End XCBuildConfiguration section */

/* Begin XCConfigurationList section */
		FAE7629B2D6D306100B5C1EA /* Build configuration list for PBXProject "FetchApp" */ = {
			isa = XCConfigurationList;
			buildConfigurations = (
				FAE762C32D6D306300B5C1EA /* Debug */,
				FAE762C42D6D306300B5C1EA /* Release */,
			);
			defaultConfigurationIsVisible = 0;
			defaultConfigurationName = Release;
		};
		FAE762C52D6D306300B5C1EA /* Build configuration list for PBXNativeTarget "FetchApp" */ = {
			isa = XCConfigurationList;
			buildConfigurations = (
				FAE762C62D6D306300B5C1EA /* Debug */,
				FAE762C72D6D306300B5C1EA /* Release */,
			);
			defaultConfigurationIsVisible = 0;
			defaultConfigurationName = Release;
		};
		FAE762C82D6D306300B5C1EA /* Build configuration list for PBXNativeTarget "FetchAppTests" */ = {
			isa = XCConfigurationList;
			buildConfigurations = (
				FAE762C92D6D306300B5C1EA /* Debug */,
				FAE762CA2D6D306300B5C1EA /* Release */,
			);
			defaultConfigurationIsVisible = 0;
			defaultConfigurationName = Release;
		};
		FAE762CB2D6D306300B5C1EA /* Build configuration list for PBXNativeTarget "FetchAppUITests" */ = {
			isa = XCConfigurationList;
			buildConfigurations = (
				FAE762CC2D6D306300B5C1EA /* Debug */,
				FAE762CD2D6D306300B5C1EA /* Release */,
			);
			defaultConfigurationIsVisible = 0;
			defaultConfigurationName = Release;
		};
/* End XCConfigurationList section */
	};
	rootObject = FAE762982D6D306100B5C1EA /* Project object */;
}
